
Microsoft Visual Studio Solution File, Format Version 12.00
# Visual Studio Version 16
VisualStudioVersion = 16.0.31624.102
MinimumVisualStudioVersion = 10.0.40219.1
Project("{FAE04EC0-301F-11D3-BF4B-00C04F79EFBC}") = "Bài 4_61133538", "Bài 4_61133538\Bài 4_61133538.csproj", "{F629EE32-46B3-489E-8A5C-6C5EB7089CF9}"
EndProject
Global
	GlobalSection(SolutionConfigurationPlatforms) = preSolution
		Debug|Any CPU = Debug|Any CPU
		Release|Any CPU = Release|Any CPU
	EndGlobalSection
	GlobalSection(ProjectConfigurationPlatforms) = postSolution
		{F629EE32-46B3-489E-8A5C-6C5EB7089CF9}.Debug|Any CPU.ActiveCfg = Debug|Any CPU
		{F629EE32-46B3-489E-8A5C-6C5EB7089CF9}.Debug|Any CPU.Build.0 = Debug|Any CPU
		{F629EE32-46B3-489E-8A5C-6C5EB7089CF9}.Release|Any CPU.ActiveCfg = Release|Any CPU
		{F629EE32-46B3-489E-8A5C-6C5EB7089CF9}.Release|Any CPU.Build.0 = Release|Any CPU
	EndGlobalSection
	GlobalSection(SolutionProperties) = preSolution
		HideSolutionNode = FALSE
	EndGlobalSection
	GlobalSection(ExtensibilityGlobals) = postSolution
		SolutionGuid = {A3864F0B-ACB3-4E3B-BBD0-1A28B583A094}
	EndGlobalSection
EndGlobal
